
Microsoft Visual Studio Solution File, Format Version 12.00
# Visual Studio Version 17
VisualStudioVersion = 17.7.34031.279
MinimumVisualStudioVersion = 10.0.40219.1
Project("{FAE04EC0-301F-11D3-BF4B-00C04F79EFBC}") = "Desktop", "Desktop\Desktop.csproj", "{EDA5BF1C-30E3-4779-BC28-7DD4BB10B282}"
EndProject
Global
	GlobalSection(SolutionConfigurationPlatforms) = preSolution
		Debug|Any CPU = Debug|Any CPU
		Release|Any CPU = Release|Any CPU
	EndGlobalSection
	GlobalSection(ProjectConfigurationPlatforms) = postSolution
		{EDA5BF1C-30E3-4779-BC28-7DD4BB10B282}.Debug|Any CPU.ActiveCfg = Debug|Any CPU
		{EDA5BF1C-30E3-4779-BC28-7DD4BB10B282}.Debug|Any CPU.Build.0 = Debug|Any CPU
		{EDA5BF1C-30E3-4779-BC28-7DD4BB10B282}.Release|Any CPU.ActiveCfg = Release|Any CPU
		{EDA5BF1C-30E3-4779-BC28-7DD4BB10B282}.Release|Any CPU.Build.0 = Release|Any CPU
	EndGlobalSection
	GlobalSection(SolutionProperties) = preSolution
		HideSolutionNode = FALSE
	EndGlobalSection
	GlobalSection(ExtensibilityGlobals) = postSolution
		SolutionGuid = {3F934F16-1453-497C-9E39-B5D2ADE9E8B0}
	EndGlobalSection
EndGlobal
